// !$*UTF8*$!
{
	archiveVersion = 1;
	classes = {
	};
	objectVersion = 46;
	objects = {

/* Begin PBXBuildFile section */
		3810E93F1AC30515005DF07F /* optipng.cpp in Sources */ = {isa = PBXBuildFile; fileRef = 3810E93D1AC30515005DF07F /* optipng.cpp */; };
		386FBD601B56ED7B00D59767 /* zopflipng.cpp in Sources */ = {isa = PBXBuildFile; fileRef = 386FBD5F1B56ED7B00D59767 /* zopflipng.cpp */; };
		386FBD651B56EE2D00D59767 /* lodepng_util.cpp in Sources */ = {isa = PBXBuildFile; fileRef = 386FBD631B56EE2D00D59767 /* lodepng_util.cpp */; };
		386FBD661B56EE2D00D59767 /* lodepng.cpp in Sources */ = {isa = PBXBuildFile; fileRef = 386FBD641B56EE2D00D59767 /* lodepng.cpp */; };
		386FBD7F1B56EE3F00D59767 /* deflate.cpp in Sources */ = {isa = PBXBuildFile; fileRef = 386FBD691B56EE3F00D59767 /* deflate.cpp */; };
		386FBD801B56EE3F00D59767 /* zopfli_gzip.cpp in Sources */ = {isa = PBXBuildFile; fileRef = 386FBD6A1B56EE3F00D59767 /* zopfli_gzip.cpp */; };
		386FBD811B56EE3F00D59767 /* blocksplitter.c in Sources */ = {isa = PBXBuildFile; fileRef = 386FBD6B1B56EE3F00D59767 /* blocksplitter.c */; };
		386FBD821B56EE3F00D59767 /* cache.c in Sources */ = {isa = PBXBuildFile; fileRef = 386FBD6C1B56EE3F00D59767 /* cache.c */; };
		386FBD831B56EE3F00D59767 /* hash.c in Sources */ = {isa = PBXBuildFile; fileRef = 386FBD6D1B56EE3F00D59767 /* hash.c */; };
		386FBD841B56EE3F00D59767 /* katajainen.c in Sources */ = {isa = PBXBuildFile; fileRef = 386FBD6E1B56EE3F00D59767 /* katajainen.c */; };
		386FBD851B56EE3F00D59767 /* lz77.c in Sources */ = {isa = PBXBuildFile; fileRef = 386FBD6F1B56EE3F00D59767 /* lz77.c */; };
		386FBD861B56EE3F00D59767 /* squeeze.c in Sources */ = {isa = PBXBuildFile; fileRef = 386FBD701B56EE3F00D59767 /* squeeze.c */; };
		386FBD871B56EE3F00D59767 /* tree.c in Sources */ = {isa = PBXBuildFile; fileRef = 386FBD711B56EE3F00D59767 /* tree.c */; };
		386FBD881B56EE3F00D59767 /* util.c in Sources */ = {isa = PBXBuildFile; fileRef = 386FBD721B56EE3F00D59767 /* util.c */; };
		3898AB3C1A505DFB008E7C46 /* main.cpp in Sources */ = {isa = PBXBuildFile; fileRef = 3898AB3B1A505DFB008E7C46 /* main.cpp */; };
		38A6A9011B6820DD00FEA128 /* zlib_container.c in Sources */ = {isa = PBXBuildFile; fileRef = 386FBD731B56EE3F00D59767 /* zlib_container.c */; };
		38B3048C1B581B5200F0DB04 /* libid3-3.8.3.0.0.dylib in Frameworks */ = {isa = PBXBuildFile; fileRef = 38B3048B1B581B5200F0DB04 /* libid3-3.8.3.0.0.dylib */; };
		38C627131B52BD9A002CEFAD /* gztools.cpp in Sources */ = {isa = PBXBuildFile; fileRef = 3896951B1AFD64E1008874FF /* gztools.cpp */; };
		38D2796F1ABC929E00B474A9 /* codec.c in Sources */ = {isa = PBXBuildFile; fileRef = 38D2795F1ABC929E00B474A9 /* codec.c */; };
		38D279701ABC929E00B474A9 /* image.c in Sources */ = {isa = PBXBuildFile; fileRef = 38D279601ABC929E00B474A9 /* image.c */; };
		38D2797D1ABC942600B474A9 /* trans.c in Sources */ = {isa = PBXBuildFile; fileRef = 38D2797A1ABC942600B474A9 /* trans.c */; };
		38D279811ABC949600B474A9 /* opngreduc.c in Sources */ = {isa = PBXBuildFile; fileRef = 38D279801ABC949600B474A9 /* opngreduc.c */; };
		38D454851AF2CB35008DFBE4 /* libz.a in Frameworks */ = {isa = PBXBuildFile; fileRef = 38EC23931AE275140076815D /* libz.a */; };
		38DADE9A1B45829B006257D7 /* zlibWrapper.cpp in Sources */ = {isa = PBXBuildFile; fileRef = 387F1CE11B1A0FFE00F8F8AD /* zlibWrapper.cpp */; };
		38F33CC21AD6A07F002F8266 /* support.cpp in Sources */ = {isa = PBXBuildFile; fileRef = 38F33CC01AD6A07F002F8266 /* support.cpp */; };
		38F501241A9BA4880092A795 /* jpegtran.cpp in Sources */ = {isa = PBXBuildFile; fileRef = 385BC0051A98C77200A72748 /* jpegtran.cpp */; };
		38F650FF1A6E627C00D4CB30 /* libpng.a in Frameworks */ = {isa = PBXBuildFile; fileRef = 38F650FE1A6E627C00D4CB30 /* libpng.a */; };
/* End PBXBuildFile section */

/* Begin PBXCopyFilesBuildPhase section */
		3807697E1A4447CE004BABF3 /* CopyFiles */ = {
			isa = PBXCopyFilesBuildPhase;
			buildActionMask = 2147483647;
			dstPath = /usr/share/man/man1/;
			dstSubfolderSpec = 0;
			files = (
			);
			runOnlyForDeploymentPostprocessing = 1;
		};
/* End PBXCopyFilesBuildPhase section */

/* Begin PBXFileReference section */
		380769801A4447CE004BABF3 /* ECT */ = {isa = PBXFileReference; explicitFileType = "compiled.mach-o.executable"; includeInIndex = 0; path = ECT; sourceTree = BUILT_PRODUCTS_DIR; };
		3810E93D1AC30515005DF07F /* optipng.cpp */ = {isa = PBXFileReference; fileEncoding = 4; lastKnownFileType = sourcecode.cpp.cpp; name = optipng.cpp; path = src/optipng/optipng.cpp; sourceTree = "<group>"; };
		384E85201ABB5CFF000991A9 /* libboost_filesystem.a */ = {isa = PBXFileReference; lastKnownFileType = archive.ar; name = libboost_filesystem.a; path = ../../../../../usr/local/lib/libboost_filesystem.a; sourceTree = "<group>"; };
		384E85231ABB5D6A000991A9 /* libboost_system.a */ = {isa = PBXFileReference; lastKnownFileType = archive.ar; name = libboost_system.a; path = ../../../../../usr/local/lib/libboost_system.a; sourceTree = "<group>"; };
		3859FA6A1A57157300F6685D /* main.h */ = {isa = PBXFileReference; explicitFileType = sourcecode.c.h; name = main.h; path = src/main.h; sourceTree = "<group>"; };
		385BC0051A98C77200A72748 /* jpegtran.cpp */ = {isa = PBXFileReference; fileEncoding = 4; lastKnownFileType = sourcecode.cpp.cpp; name = jpegtran.cpp; path = src/jpegtran.cpp; sourceTree = "<group>"; tabWidth = 4; wrapsLines = 1; };
		386FBD5F1B56ED7B00D59767 /* zopflipng.cpp */ = {isa = PBXFileReference; fileEncoding = 4; lastKnownFileType = sourcecode.cpp.cpp; name = zopflipng.cpp; path = src/zopflipng.cpp; sourceTree = "<group>"; };
		386FBD631B56EE2D00D59767 /* lodepng_util.cpp */ = {isa = PBXFileReference; fileEncoding = 4; lastKnownFileType = sourcecode.cpp.cpp; name = lodepng_util.cpp; path = src/lodepng/lodepng_util.cpp; sourceTree = "<group>"; };
		386FBD641B56EE2D00D59767 /* lodepng.cpp */ = {isa = PBXFileReference; fileEncoding = 4; indentWidth = 2; lastKnownFileType = sourcecode.cpp.cpp; name = lodepng.cpp; path = src/lodepng/lodepng.cpp; sourceTree = "<group>"; tabWidth = 2; };
		386FBD671B56EE3600D59767 /* lodepng_util.h */ = {isa = PBXFileReference; fileEncoding = 4; lastKnownFileType = sourcecode.c.h; name = lodepng_util.h; path = src/lodepng/lodepng_util.h; sourceTree = "<group>"; };
		386FBD681B56EE3600D59767 /* lodepng.h */ = {isa = PBXFileReference; fileEncoding = 4; lastKnownFileType = sourcecode.c.h; name = lodepng.h; path = src/lodepng/lodepng.h; sourceTree = "<group>"; };
		386FBD691B56EE3F00D59767 /* deflate.cpp */ = {isa = PBXFileReference; fileEncoding = 4; indentWidth = 2; lastKnownFileType = sourcecode.cpp.cpp; name = deflate.cpp; path = src/zopfli/deflate.cpp; sourceTree = "<group>"; tabWidth = 2; };
		386FBD6A1B56EE3F00D59767 /* zopfli_gzip.cpp */ = {isa = PBXFileReference; fileEncoding = 4; indentWidth = 2; lastKnownFileType = sourcecode.cpp.cpp; name = zopfli_gzip.cpp; path = src/zopfli/zopfli_gzip.cpp; sourceTree = "<group>"; tabWidth = 2; };
		386FBD6B1B56EE3F00D59767 /* blocksplitter.c */ = {isa = PBXFileReference; fileEncoding = 4; lastKnownFileType = sourcecode.c.c; name = blocksplitter.c; path = src/zopfli/blocksplitter.c; sourceTree = "<group>"; };
		386FBD6C1B56EE3F00D59767 /* cache.c */ = {isa = PBXFileReference; fileEncoding = 4; lastKnownFileType = sourcecode.c.c; name = cache.c; path = src/zopfli/cache.c; sourceTree = "<group>"; };
		386FBD6D1B56EE3F00D59767 /* hash.c */ = {isa = PBXFileReference; fileEncoding = 4; indentWidth = 2; lastKnownFileType = sourcecode.c.c; name = hash.c; path = src/zopfli/hash.c; sourceTree = "<group>"; tabWidth = 2; };
		386FBD6E1B56EE3F00D59767 /* katajainen.c */ = {isa = PBXFileReference; fileEncoding = 4; indentWidth = 2; lastKnownFileType = sourcecode.c.c; name = katajainen.c; path = src/zopfli/katajainen.c; sourceTree = "<group>"; tabWidth = 2; };
		386FBD6F1B56EE3F00D59767 /* lz77.c */ = {isa = PBXFileReference; fileEncoding = 4; indentWidth = 2; lastKnownFileType = sourcecode.c.c; name = lz77.c; path = src/zopfli/lz77.c; sourceTree = "<group>"; tabWidth = 2; };
		386FBD701B56EE3F00D59767 /* squeeze.c */ = {isa = PBXFileReference; fileEncoding = 4; indentWidth = 2; lastKnownFileType = sourcecode.c.c; name = squeeze.c; path = src/zopfli/squeeze.c; sourceTree = "<group>"; tabWidth = 2; };
		386FBD711B56EE3F00D59767 /* tree.c */ = {isa = PBXFileReference; fileEncoding = 4; lastKnownFileType = sourcecode.c.c; name = tree.c; path = src/zopfli/tree.c; sourceTree = "<group>"; };
		386FBD721B56EE3F00D59767 /* util.c */ = {isa = PBXFileReference; fileEncoding = 4; lastKnownFileType = sourcecode.c.c; name = util.c; path = src/zopfli/util.c; sourceTree = "<group>"; };
		386FBD731B56EE3F00D59767 /* zlib_container.c */ = {isa = PBXFileReference; fileEncoding = 4; indentWidth = 2; lastKnownFileType = sourcecode.c.c; name = zlib_container.c; path = src/zopfli/zlib_container.c; sourceTree = "<group>"; tabWidth = 2; };
		386FBD741B56EE3F00D59767 /* blocksplitter.h */ = {isa = PBXFileReference; fileEncoding = 4; lastKnownFileType = sourcecode.c.h; name = blocksplitter.h; path = src/zopfli/blocksplitter.h; sourceTree = "<group>"; };
		386FBD751B56EE3F00D59767 /* cache.h */ = {isa = PBXFileReference; fileEncoding = 4; lastKnownFileType = sourcecode.c.h; name = cache.h; path = src/zopfli/cache.h; sourceTree = "<group>"; };
		386FBD761B56EE3F00D59767 /* deflate.h */ = {isa = PBXFileReference; fileEncoding = 4; lastKnownFileType = sourcecode.c.h; name = deflate.h; path = src/zopfli/deflate.h; sourceTree = "<group>"; };
		386FBD771B56EE3F00D59767 /* hash.h */ = {isa = PBXFileReference; fileEncoding = 4; lastKnownFileType = sourcecode.c.h; name = hash.h; path = src/zopfli/hash.h; sourceTree = "<group>"; };
		386FBD781B56EE3F00D59767 /* katajainen.h */ = {isa = PBXFileReference; fileEncoding = 4; lastKnownFileType = sourcecode.c.h; name = katajainen.h; path = src/zopfli/katajainen.h; sourceTree = "<group>"; };
		386FBD791B56EE3F00D59767 /* lz77.h */ = {isa = PBXFileReference; fileEncoding = 4; lastKnownFileType = sourcecode.c.h; name = lz77.h; path = src/zopfli/lz77.h; sourceTree = "<group>"; };
		386FBD7A1B56EE3F00D59767 /* squeeze.h */ = {isa = PBXFileReference; fileEncoding = 4; lastKnownFileType = sourcecode.c.h; name = squeeze.h; path = src/zopfli/squeeze.h; sourceTree = "<group>"; };
		386FBD7B1B56EE3F00D59767 /* tree.h */ = {isa = PBXFileReference; fileEncoding = 4; lastKnownFileType = sourcecode.c.h; name = tree.h; path = src/zopfli/tree.h; sourceTree = "<group>"; };
		386FBD7C1B56EE3F00D59767 /* util.h */ = {isa = PBXFileReference; fileEncoding = 4; lastKnownFileType = sourcecode.c.h; name = util.h; path = src/zopfli/util.h; sourceTree = "<group>"; };
		386FBD7D1B56EE3F00D59767 /* zlib_container.h */ = {isa = PBXFileReference; fileEncoding = 4; lastKnownFileType = sourcecode.c.h; name = zlib_container.h; path = src/zopfli/zlib_container.h; sourceTree = "<group>"; };
		386FBD7E1B56EE3F00D59767 /* zopfli.h */ = {isa = PBXFileReference; fileEncoding = 4; indentWidth = 2; lastKnownFileType = sourcecode.c.h; name = zopfli.h; path = src/zopfli/zopfli.h; sourceTree = "<group>"; tabWidth = 2; };
		387F1CE11B1A0FFE00F8F8AD /* zlibWrapper.cpp */ = {isa = PBXFileReference; fileEncoding = 4; lastKnownFileType = sourcecode.cpp.cpp; name = zlibWrapper.cpp; path = src/zlibWrapper.cpp; sourceTree = "<group>"; };
		387F1CE31B1A141600F8F8AD /* zlibWrapper.h */ = {isa = PBXFileReference; lastKnownFileType = sourcecode.c.h; name = zlibWrapper.h; path = src/zlibWrapper.h; sourceTree = "<group>"; };
		3896951B1AFD64E1008874FF /* gztools.cpp */ = {isa = PBXFileReference; fileEncoding = 4; lastKnownFileType = sourcecode.cpp.cpp; name = gztools.cpp; path = src/gztools.cpp; sourceTree = "<group>"; };
		3898AB3B1A505DFB008E7C46 /* main.cpp */ = {isa = PBXFileReference; fileEncoding = 4; lastKnownFileType = sourcecode.cpp.cpp; name = main.cpp; path = src/main.cpp; sourceTree = "<group>"; usesTabs = 0; };
		38B3048B1B581B5200F0DB04 /* libid3-3.8.3.0.0.dylib */ = {isa = PBXFileReference; lastKnownFileType = "compiled.mach-o.dylib"; name = "libid3-3.8.3.0.0.dylib"; path = "../../../../usr/local/lib/libid3-3.8.3.0.0.dylib"; sourceTree = "<group>"; };
		38D2795F1ABC929E00B474A9 /* codec.c */ = {isa = PBXFileReference; fileEncoding = 4; lastKnownFileType = sourcecode.c.c; name = codec.c; path = src/optipng/codec.c; sourceTree = "<group>"; };
		38D279601ABC929E00B474A9 /* image.c */ = {isa = PBXFileReference; fileEncoding = 4; lastKnownFileType = sourcecode.c.c; name = image.c; path = src/optipng/image.c; sourceTree = "<group>"; };
		38D279671ABC929E00B474A9 /* codec.h */ = {isa = PBXFileReference; fileEncoding = 4; indentWidth = 0; lastKnownFileType = sourcecode.c.h; name = codec.h; path = src/optipng/codec.h; sourceTree = "<group>"; };
		38D279681ABC929E00B474A9 /* image.h */ = {isa = PBXFileReference; fileEncoding = 4; lastKnownFileType = sourcecode.c.h; name = image.h; path = src/optipng/image.h; sourceTree = "<group>"; };
		38D2796C1ABC929E00B474A9 /* opngcore.h */ = {isa = PBXFileReference; fileEncoding = 4; lastKnownFileType = sourcecode.c.h; name = opngcore.h; path = src/optipng/opngcore.h; sourceTree = "<group>"; };
		38D2796D1ABC929E00B474A9 /* opngtrans.h */ = {isa = PBXFileReference; fileEncoding = 4; lastKnownFileType = sourcecode.c.h; name = opngtrans.h; path = src/optipng/opngtrans.h; sourceTree = "<group>"; };
		38D279761ABC93A800B474A9 /* trans.h */ = {isa = PBXFileReference; fileEncoding = 4; lastKnownFileType = sourcecode.c.h; name = trans.h; path = src/optipng/trans.h; sourceTree = "<group>"; };
		38D2797A1ABC942600B474A9 /* trans.c */ = {isa = PBXFileReference; fileEncoding = 4; lastKnownFileType = sourcecode.c.c; name = trans.c; path = src/optipng/trans.c; sourceTree = "<group>"; };
		38D2797F1ABC949600B474A9 /* opngreduc.h */ = {isa = PBXFileReference; fileEncoding = 4; lastKnownFileType = sourcecode.c.h; name = opngreduc.h; path = src/optipng/opngreduc/opngreduc.h; sourceTree = "<group>"; };
		38D279801ABC949600B474A9 /* opngreduc.c */ = {isa = PBXFileReference; fileEncoding = 4; lastKnownFileType = sourcecode.c.c; name = opngreduc.c; path = src/optipng/opngreduc/opngreduc.c; sourceTree = "<group>"; };
		38D279821ABC94AC00B474A9 /* cexcept.h */ = {isa = PBXFileReference; fileEncoding = 4; lastKnownFileType = sourcecode.c.h; name = cexcept.h; path = src/optipng/cexcept/cexcept.h; sourceTree = "<group>"; };
		38EC23931AE275140076815D /* libz.a */ = {isa = PBXFileReference; lastKnownFileType = archive.ar; name = libz.a; path = src/zlib/libz.a; sourceTree = "<group>"; };
		38ED70A71A8AA7A500571CD8 /* libjpeg.a */ = {isa = PBXFileReference; lastKnownFileType = archive.ar; name = libjpeg.a; path = src/mozjpeg/.libs/libjpeg.a; sourceTree = "<group>"; };
		38F33CC01AD6A07F002F8266 /* support.cpp */ = {isa = PBXFileReference; fileEncoding = 4; lastKnownFileType = sourcecode.cpp.cpp; name = support.cpp; path = src/support.cpp; sourceTree = "<group>"; };
		38F33CC11AD6A07F002F8266 /* support.h */ = {isa = PBXFileReference; fileEncoding = 4; lastKnownFileType = sourcecode.c.h; name = support.h; path = src/support.h; sourceTree = "<group>"; };
		38F650FE1A6E627C00D4CB30 /* libpng.a */ = {isa = PBXFileReference; lastKnownFileType = archive.ar; name = libpng.a; path = src/libpng/libpng.a; sourceTree = "<group>"; };
/* End PBXFileReference section */

/* Begin PBXFrameworksBuildPhase section */
		3807697D1A4447CE004BABF3 /* Frameworks */ = {
			isa = PBXFrameworksBuildPhase;
			buildActionMask = 2147483647;
			files = (
				38B3048C1B581B5200F0DB04 /* libid3-3.8.3.0.0.dylib in Frameworks */,
				38F650FF1A6E627C00D4CB30 /* libpng.a in Frameworks */,
				38D454851AF2CB35008DFBE4 /* libz.a in Frameworks */,
			);
			runOnlyForDeploymentPostprocessing = 0;
		};
/* End PBXFrameworksBuildPhase section */

/* Begin PBXGroup section */
		380769771A4447CE004BABF3 = {
			isa = PBXGroup;
			children = (
				38B3048B1B581B5200F0DB04 /* libid3-3.8.3.0.0.dylib */,
				38EC23931AE275140076815D /* libz.a */,
				384E85231ABB5D6A000991A9 /* libboost_system.a */,
				384E85201ABB5CFF000991A9 /* libboost_filesystem.a */,
				38ED70A71A8AA7A500571CD8 /* libjpeg.a */,
				38F650FE1A6E627C00D4CB30 /* libpng.a */,
				386FBD691B56EE3F00D59767 /* deflate.cpp */,
				386FBD6A1B56EE3F00D59767 /* zopfli_gzip.cpp */,
				386FBD6B1B56EE3F00D59767 /* blocksplitter.c */,
				386FBD6D1B56EE3F00D59767 /* hash.c */,
				386FBD771B56EE3F00D59767 /* hash.h */,
				386FBD6E1B56EE3F00D59767 /* katajainen.c */,
				386FBD6F1B56EE3F00D59767 /* lz77.c */,
				386FBD701B56EE3F00D59767 /* squeeze.c */,
				386FBD711B56EE3F00D59767 /* tree.c */,
				386FBD721B56EE3F00D59767 /* util.c */,
				386FBD731B56EE3F00D59767 /* zlib_container.c */,
				386FBD741B56EE3F00D59767 /* blocksplitter.h */,
				386FBD6C1B56EE3F00D59767 /* cache.c */,
				386FBD751B56EE3F00D59767 /* cache.h */,
				386FBD761B56EE3F00D59767 /* deflate.h */,
				386FBD781B56EE3F00D59767 /* katajainen.h */,
				386FBD791B56EE3F00D59767 /* lz77.h */,
				386FBD7A1B56EE3F00D59767 /* squeeze.h */,
				386FBD7B1B56EE3F00D59767 /* tree.h */,
				386FBD7C1B56EE3F00D59767 /* util.h */,
				386FBD7D1B56EE3F00D59767 /* zlib_container.h */,
				386FBD7E1B56EE3F00D59767 /* zopfli.h */,
				386FBD671B56EE3600D59767 /* lodepng_util.h */,
				386FBD681B56EE3600D59767 /* lodepng.h */,
				386FBD631B56EE2D00D59767 /* lodepng_util.cpp */,
				386FBD641B56EE2D00D59767 /* lodepng.cpp */,
				386FBD5F1B56ED7B00D59767 /* zopflipng.cpp */,
				38D2795F1ABC929E00B474A9 /* codec.c */,
				38D279671ABC929E00B474A9 /* codec.h */,
				38D279601ABC929E00B474A9 /* image.c */,
				38D279681ABC929E00B474A9 /* image.h */,
				38D2797A1ABC942600B474A9 /* trans.c */,
				38D279761ABC93A800B474A9 /* trans.h */,
				3810E93D1AC30515005DF07F /* optipng.cpp */,
				38D2796C1ABC929E00B474A9 /* opngcore.h */,
				38D2796D1ABC929E00B474A9 /* opngtrans.h */,
				38D279821ABC94AC00B474A9 /* cexcept.h */,
				38D279801ABC949600B474A9 /* opngreduc.c */,
				38D2797F1ABC949600B474A9 /* opngreduc.h */,
				3896951B1AFD64E1008874FF /* gztools.cpp */,
				387F1CE11B1A0FFE00F8F8AD /* zlibWrapper.cpp */,
				387F1CE31B1A141600F8F8AD /* zlibWrapper.h */,
				385BC0051A98C77200A72748 /* jpegtran.cpp */,
				380769811A4447CE004BABF3 /* Products */,
				3898AB3B1A505DFB008E7C46 /* main.cpp */,
				3859FA6A1A57157300F6685D /* main.h */,
				38F33CC01AD6A07F002F8266 /* support.cpp */,
				38F33CC11AD6A07F002F8266 /* support.h */,
			);
			sourceTree = "<group>";
		};
		380769811A4447CE004BABF3 /* Products */ = {
			isa = PBXGroup;
			children = (
				380769801A4447CE004BABF3 /* ECT */,
			);
			name = Products;
			sourceTree = "<group>";
		};
/* End PBXGroup section */

/* Begin PBXNativeTarget section */
		3807697F1A4447CE004BABF3 /* ECT */ = {
			isa = PBXNativeTarget;
			buildConfigurationList = 380769871A4447CE004BABF3 /* Build configuration list for PBXNativeTarget "ECT" */;
			buildPhases = (
				3807697C1A4447CE004BABF3 /* Sources */,
				3807697D1A4447CE004BABF3 /* Frameworks */,
				3807697E1A4447CE004BABF3 /* CopyFiles */,
			);
			buildRules = (
			);
			dependencies = (
			);
			name = ECT;
			productName = ECT;
			productReference = 380769801A4447CE004BABF3 /* ECT */;
			productType = "com.apple.product-type.tool";
		};
/* End PBXNativeTarget section */

/* Begin PBXProject section */
		380769781A4447CE004BABF3 /* Project object */ = {
			isa = PBXProject;
			attributes = {
				LastUpgradeCheck = 0630;
				ORGANIZATIONNAME = "Felix Hanau";
				TargetAttributes = {
					3807697F1A4447CE004BABF3 = {
						CreatedOnToolsVersion = 6.1;
					};
				};
			};
			buildConfigurationList = 3807697B1A4447CE004BABF3 /* Build configuration list for PBXProject "Efficient Compression Tool" */;
			compatibilityVersion = "Xcode 3.2";
			developmentRegion = English;
			hasScannedForEncodings = 0;
			knownRegions = (
				en,
			);
			mainGroup = 380769771A4447CE004BABF3;
			productRefGroup = 380769811A4447CE004BABF3 /* Products */;
			projectDirPath = "";
			projectRoot = "";
			targets = (
				3807697F1A4447CE004BABF3 /* ECT */,
			);
		};
/* End PBXProject section */

/* Begin PBXSourcesBuildPhase section */
		3807697C1A4447CE004BABF3 /* Sources */ = {
			isa = PBXSourcesBuildPhase;
			buildActionMask = 2147483647;
			files = (
				38F501241A9BA4880092A795 /* jpegtran.cpp in Sources */,
				386FBD861B56EE3F00D59767 /* squeeze.c in Sources */,
				38D2797D1ABC942600B474A9 /* trans.c in Sources */,
				386FBD881B56EE3F00D59767 /* util.c in Sources */,
				386FBD811B56EE3F00D59767 /* blocksplitter.c in Sources */,
				3810E93F1AC30515005DF07F /* optipng.cpp in Sources */,
				386FBD821B56EE3F00D59767 /* cache.c in Sources */,
				38C627131B52BD9A002CEFAD /* gztools.cpp in Sources */,
				386FBD601B56ED7B00D59767 /* zopflipng.cpp in Sources */,
				386FBD831B56EE3F00D59767 /* hash.c in Sources */,
				386FBD871B56EE3F00D59767 /* tree.c in Sources */,
				38D279811ABC949600B474A9 /* opngreduc.c in Sources */,
				38A6A9011B6820DD00FEA128 /* zlib_container.c in Sources */,
				38DADE9A1B45829B006257D7 /* zlibWrapper.cpp in Sources */,
				386FBD651B56EE2D00D59767 /* lodepng_util.cpp in Sources */,
				38D279701ABC929E00B474A9 /* image.c in Sources */,
				386FBD801B56EE3F00D59767 /* zopfli_gzip.cpp in Sources */,
				386FBD661B56EE2D00D59767 /* lodepng.cpp in Sources */,
				38F33CC21AD6A07F002F8266 /* support.cpp in Sources */,
				386FBD851B56EE3F00D59767 /* lz77.c in Sources */,
				386FBD7F1B56EE3F00D59767 /* deflate.cpp in Sources */,
				3898AB3C1A505DFB008E7C46 /* main.cpp in Sources */,
				386FBD841B56EE3F00D59767 /* katajainen.c in Sources */,
				38D2796F1ABC929E00B474A9 /* codec.c in Sources */,
			);
			runOnlyForDeploymentPostprocessing = 0;
		};
/* End PBXSourcesBuildPhase section */

/* Begin XCBuildConfiguration section */
		380769851A4447CE004BABF3 /* Debug */ = {
			isa = XCBuildConfiguration;
			buildSettings = {
				ALWAYS_SEARCH_USER_PATHS = NO;
				CLANG_CXX_LANGUAGE_STANDARD = "c++98";
				CLANG_CXX_LIBRARY = "libc++";
				CLANG_ENABLE_MODULES = NO;
				CLANG_ENABLE_OBJC_ARC = YES;
				CLANG_WARN_BOOL_CONVERSION = YES;
				CLANG_WARN_CONSTANT_CONVERSION = YES;
				CLANG_WARN_CXX0X_EXTENSIONS = YES;
				CLANG_WARN_DIRECT_OBJC_ISA_USAGE = YES_ERROR;
				CLANG_WARN_EMPTY_BODY = YES;
				CLANG_WARN_ENUM_CONVERSION = YES;
				CLANG_WARN_INT_CONVERSION = YES;
				CLANG_WARN_OBJC_ROOT_CLASS = YES_ERROR;
				CLANG_WARN_UNREACHABLE_CODE = YES;
				CLANG_WARN__DUPLICATE_METHOD_MATCH = YES;
				CLANG_WARN__EXIT_TIME_DESTRUCTORS = YES;
				CLANG_X86_VECTOR_INSTRUCTIONS = avx;
				COPY_PHASE_STRIP = NO;
				DEAD_CODE_STRIPPING = NO;
				ENABLE_STRICT_OBJC_MSGSEND = YES;
				GCC_C_LANGUAGE_STANDARD = c89;
				GCC_DYNAMIC_NO_PIC = NO;
				GCC_ENABLE_CPP_RTTI = NO;
				GCC_FAST_MATH = YES;
				GCC_GENERATE_DEBUGGING_SYMBOLS = YES;
				GCC_INLINES_ARE_PRIVATE_EXTERN = NO;
				GCC_OPTIMIZATION_LEVEL = 2;
				GCC_PREPROCESSOR_DEFINITIONS = (
					"DEBUG=1",
					"$(inherited)",
				);
				GCC_SYMBOLS_PRIVATE_EXTERN = NO;
				GCC_UNROLL_LOOPS = YES;
				GCC_WARN_64_TO_32_BIT_CONVERSION = YES;
				GCC_WARN_ABOUT_RETURN_TYPE = YES_ERROR;
				GCC_WARN_FOUR_CHARACTER_CONSTANTS = YES;
				GCC_WARN_HIDDEN_VIRTUAL_FUNCTIONS = YES;
				GCC_WARN_NON_VIRTUAL_DESTRUCTOR = YES;
				GCC_WARN_SHADOW = YES;
				GCC_WARN_UNDECLARED_SELECTOR = YES;
				GCC_WARN_UNINITIALIZED_AUTOS = YES_AGGRESSIVE;
				GCC_WARN_UNUSED_FUNCTION = YES;
				GCC_WARN_UNUSED_LABEL = YES;
				GCC_WARN_UNUSED_PARAMETER = YES;
				GCC_WARN_UNUSED_VARIABLE = YES;
				LD_NO_PIE = YES;
				MACOSX_DEPLOYMENT_TARGET = 10.10;
				MTL_ENABLE_DEBUG_INFO = YES;
				ONLY_ACTIVE_ARCH = YES;
				OTHER_CFLAGS = "";
				SDKROOT = macosx;
				SUPPORTED_PLATFORMS = macosx;
			};
			name = Debug;
		};
		380769861A4447CE004BABF3 /* Release */ = {
			isa = XCBuildConfiguration;
			buildSettings = {
				ALWAYS_SEARCH_USER_PATHS = NO;
				CLANG_CXX_LANGUAGE_STANDARD = "gnu++0x";
				CLANG_CXX_LIBRARY = "libc++";
				CLANG_ENABLE_MODULES = NO;
				CLANG_ENABLE_OBJC_ARC = YES;
				CLANG_WARN_BOOL_CONVERSION = YES;
				CLANG_WARN_CONSTANT_CONVERSION = YES;
				CLANG_WARN_CXX0X_EXTENSIONS = YES;
				CLANG_WARN_DIRECT_OBJC_ISA_USAGE = YES_ERROR;
				CLANG_WARN_EMPTY_BODY = YES;
				CLANG_WARN_ENUM_CONVERSION = YES;
				CLANG_WARN_INT_CONVERSION = YES;
				CLANG_WARN_OBJC_ROOT_CLASS = YES_ERROR;
				CLANG_WARN_UNREACHABLE_CODE = YES;
				CLANG_WARN__DUPLICATE_METHOD_MATCH = YES;
				CLANG_WARN__EXIT_TIME_DESTRUCTORS = YES;
				CLANG_X86_VECTOR_INSTRUCTIONS = avx;
				COPY_PHASE_STRIP = YES;
				DEAD_CODE_STRIPPING = YES;
				DEBUG_INFORMATION_FORMAT = "dwarf-with-dsym";
				ENABLE_NS_ASSERTIONS = NO;
				ENABLE_STRICT_OBJC_MSGSEND = YES;
				GCC_C_LANGUAGE_STANDARD = gnu11;
				GCC_ENABLE_CPP_RTTI = NO;
				GCC_FAST_MATH = YES;
				GCC_GENERATE_DEBUGGING_SYMBOLS = NO;
				GCC_INLINES_ARE_PRIVATE_EXTERN = NO;
				GCC_OPTIMIZATION_LEVEL = fast;
				GCC_UNROLL_LOOPS = YES;
				GCC_WARN_64_TO_32_BIT_CONVERSION = YES;
				GCC_WARN_ABOUT_RETURN_TYPE = YES_ERROR;
				GCC_WARN_FOUR_CHARACTER_CONSTANTS = YES;
				GCC_WARN_HIDDEN_VIRTUAL_FUNCTIONS = YES;
				GCC_WARN_NON_VIRTUAL_DESTRUCTOR = YES;
				GCC_WARN_SHADOW = YES;
				GCC_WARN_UNDECLARED_SELECTOR = YES;
				GCC_WARN_UNINITIALIZED_AUTOS = YES_AGGRESSIVE;
				GCC_WARN_UNUSED_FUNCTION = YES;
				GCC_WARN_UNUSED_LABEL = YES;
				GCC_WARN_UNUSED_PARAMETER = YES;
				GCC_WARN_UNUSED_VARIABLE = YES;
				LD_NO_PIE = YES;
				LLVM_LTO = YES;
				MACOSX_DEPLOYMENT_TARGET = 10.10;
				MTL_ENABLE_DEBUG_INFO = NO;
				OTHER_CFLAGS = "";
				SDKROOT = macosx;
				SUPPORTED_PLATFORMS = macosx;
			};
			name = Release;
		};
		380769881A4447CE004BABF3 /* Debug */ = {
			isa = XCBuildConfiguration;
			buildSettings = {
				ALWAYS_SEARCH_USER_PATHS = NO;
				ARCHS = "$(ARCHS_STANDARD_64_BIT)";
				CLANG_ANALYZER_SECURITY_FLOATLOOPCOUNTER = YES;
				CLANG_ANALYZER_SECURITY_INSECUREAPI_RAND = YES;
				CLANG_ANALYZER_SECURITY_INSECUREAPI_STRCPY = YES;
				CLANG_CXX_LANGUAGE_STANDARD = "c++0x";
				CLANG_CXX_LIBRARY = "libc++";
				CLANG_DEBUG_INFORMATION_LEVEL = default;
				CLANG_OPTIMIZATION_PROFILE_FILE = "";
				CLANG_WARN_ASSIGN_ENUM = YES;
				CLANG_WARN_BOOL_CONVERSION = YES;
				CLANG_WARN_CONSTANT_CONVERSION = YES;
				CLANG_WARN_CXX0X_EXTENSIONS = YES;
				CLANG_WARN_DOCUMENTATION_COMMENTS = NO;
				CLANG_WARN_ENUM_CONVERSION = YES;
				CLANG_WARN_IMPLICIT_SIGN_CONVERSION = NO;
				CLANG_WARN_OBJC_EXPLICIT_OWNERSHIP_TYPE = YES;
				CLANG_WARN_OBJC_IMPLICIT_RETAIN_SELF = YES;
				CLANG_WARN_OBJC_RECEIVER_WEAK = YES;
				CLANG_WARN_OBJC_REPEATED_USE_OF_WEAK = YES;
				CLANG_WARN_SUSPICIOUS_IMPLICIT_CONVERSION = NO;
				CLANG_WARN__EXIT_TIME_DESTRUCTORS = NO;
				CLANG_X86_VECTOR_INSTRUCTIONS = avx;
				COPY_PHASE_STRIP = NO;
				DEAD_CODE_STRIPPING = NO;
				GCC_C_LANGUAGE_STANDARD = gnu99;
				GCC_DYNAMIC_NO_PIC = NO;
				GCC_ENABLE_ASM_KEYWORD = YES;
				GCC_ENABLE_BUILTIN_FUNCTIONS = YES;
				GCC_ENABLE_CPP_EXCEPTIONS = YES;
				GCC_ENABLE_CPP_RTTI = NO;
				GCC_ENABLE_FLOATING_POINT_LIBRARY_CALLS = YES;
				GCC_FAST_MATH = YES;
				GCC_GENERATE_DEBUGGING_SYMBOLS = YES;
				GCC_INLINES_ARE_PRIVATE_EXTERN = NO;
				GCC_LINK_WITH_DYNAMIC_LIBRARIES = NO;
				GCC_OPTIMIZATION_LEVEL = 2;
				GCC_SHORT_ENUMS = NO;
				GCC_THREADSAFE_STATICS = YES;
				GCC_TREAT_IMPLICIT_FUNCTION_DECLARATIONS_AS_ERRORS = NO;
				GCC_TREAT_INCOMPATIBLE_POINTER_TYPE_WARNINGS_AS_ERRORS = YES;
				GCC_UNROLL_LOOPS = YES;
				GCC_VERSION = "";
				GCC_WARN_64_TO_32_BIT_CONVERSION = NO;
				GCC_WARN_ABOUT_MISSING_FIELD_INITIALIZERS = YES;
				GCC_WARN_ABOUT_MISSING_NEWLINE = YES;
				GCC_WARN_ABOUT_MISSING_PROTOTYPES = NO;
				GCC_WARN_FOUR_CHARACTER_CONSTANTS = YES;
				GCC_WARN_HIDDEN_VIRTUAL_FUNCTIONS = YES;
				GCC_WARN_INHIBIT_ALL_WARNINGS = NO;
				GCC_WARN_INITIALIZER_NOT_FULLY_BRACKETED = YES;
				GCC_WARN_NON_VIRTUAL_DESTRUCTOR = NO;
				GCC_WARN_PEDANTIC = YES;
				GCC_WARN_SHADOW = YES;
				GCC_WARN_SIGN_COMPARE = NO;
				GCC_WARN_UNINITIALIZED_AUTOS = YES;
				GCC_WARN_UNKNOWN_PRAGMAS = YES;
				GCC_WARN_UNUSED_LABEL = YES;
				GCC_WARN_UNUSED_PARAMETER = YES;
				GENERATE_PROFILING_CODE = NO;
				KEEP_PRIVATE_EXTERNS = NO;
				LD_NO_PIE = YES;
				LIBRARY_SEARCH_PATHS = (
					"$(PROJECT_DIR)/src/libpng",
					"$(PROJECT_DIR)/src/zlib",
					"$(PROJECT_DIR)",
					/usr/local/lib,
					"$(PROJECT_DIR)/src/id3lib-3.8.3/src/.libs",
				);
				LLVM_LTO = NO;
				MACOSX_DEPLOYMENT_TARGET = 10.10;
				OTHER_CFLAGS = "-DNDEBUG";
				OTHER_CPLUSPLUSFLAGS = (
					"$(OTHER_CFLAGS)",
					"-DBOOST_SUPPORTED",
					"-I",
					/usr/local/include,
				);
				OTHER_LDFLAGS = (
					"$(PROJECT_DIR)/src/mozjpeg/.libs/libjpeg.a",
					/usr/local/lib/libboost_system.a,
					/usr/local/lib/libboost_filesystem.a,
				);
				PRODUCT_NAME = ECT;
				SDKROOT = macosx10.10;
				STRIP_INSTALLED_PRODUCT = NO;
				STRIP_STYLE = all;
				SUPPORTED_PLATFORMS = macosx;
				VALID_ARCHS = x86_64;
			};
			name = Debug;
		};
		380769891A4447CE004BABF3 /* Release */ = {
			isa = XCBuildConfiguration;
			buildSettings = {
				ALWAYS_SEARCH_USER_PATHS = NO;
				ARCHS = "$(ARCHS_STANDARD_64_BIT)";
				CLANG_ANALYZER_SECURITY_FLOATLOOPCOUNTER = YES;
				CLANG_ANALYZER_SECURITY_INSECUREAPI_RAND = YES;
				CLANG_ANALYZER_SECURITY_INSECUREAPI_STRCPY = YES;
				CLANG_CXX_LANGUAGE_STANDARD = "gnu++0x";
				CLANG_CXX_LIBRARY = "libc++";
				CLANG_DEBUG_INFORMATION_LEVEL = default;
				CLANG_OPTIMIZATION_PROFILE_FILE = "";
				CLANG_USE_OPTIMIZATION_PROFILE = NO;
				CLANG_WARN_ASSIGN_ENUM = YES;
				CLANG_WARN_BOOL_CONVERSION = YES;
				CLANG_WARN_CONSTANT_CONVERSION = YES;
				CLANG_WARN_CXX0X_EXTENSIONS = YES;
				CLANG_WARN_DOCUMENTATION_COMMENTS = NO;
				CLANG_WARN_ENUM_CONVERSION = YES;
				CLANG_WARN_IMPLICIT_SIGN_CONVERSION = NO;
				CLANG_WARN_OBJC_EXPLICIT_OWNERSHIP_TYPE = YES;
				CLANG_WARN_OBJC_IMPLICIT_RETAIN_SELF = YES;
				CLANG_WARN_OBJC_RECEIVER_WEAK = YES;
				CLANG_WARN_OBJC_REPEATED_USE_OF_WEAK = YES;
				CLANG_WARN_SUSPICIOUS_IMPLICIT_CONVERSION = NO;
				CLANG_WARN__EXIT_TIME_DESTRUCTORS = NO;
				CLANG_X86_VECTOR_INSTRUCTIONS = avx;
				COPY_PHASE_STRIP = NO;
				DEAD_CODE_STRIPPING = YES;
				DEBUG_INFORMATION_FORMAT = "dwarf-with-dsym";
				GCC_C_LANGUAGE_STANDARD = gnu11;
				GCC_DYNAMIC_NO_PIC = NO;
				GCC_ENABLE_ASM_KEYWORD = YES;
				GCC_ENABLE_BUILTIN_FUNCTIONS = YES;
				GCC_ENABLE_CPP_EXCEPTIONS = YES;
				GCC_ENABLE_CPP_RTTI = NO;
				GCC_ENABLE_FLOATING_POINT_LIBRARY_CALLS = YES;
				GCC_FAST_MATH = YES;
				GCC_GENERATE_DEBUGGING_SYMBOLS = YES;
				GCC_INLINES_ARE_PRIVATE_EXTERN = YES;
				GCC_LINK_WITH_DYNAMIC_LIBRARIES = NO;
				GCC_OPTIMIZATION_LEVEL = 2;
				GCC_SHORT_ENUMS = NO;
				GCC_SYMBOLS_PRIVATE_EXTERN = YES;
				GCC_THREADSAFE_STATICS = YES;
				GCC_TREAT_IMPLICIT_FUNCTION_DECLARATIONS_AS_ERRORS = NO;
				GCC_TREAT_INCOMPATIBLE_POINTER_TYPE_WARNINGS_AS_ERRORS = YES;
				GCC_UNROLL_LOOPS = YES;
				GCC_VERSION = "";
				GCC_WARN_64_TO_32_BIT_CONVERSION = NO;
				GCC_WARN_ABOUT_MISSING_FIELD_INITIALIZERS = YES;
				GCC_WARN_ABOUT_MISSING_NEWLINE = YES;
				GCC_WARN_ABOUT_MISSING_PROTOTYPES = NO;
				GCC_WARN_FOUR_CHARACTER_CONSTANTS = YES;
				GCC_WARN_HIDDEN_VIRTUAL_FUNCTIONS = YES;
				GCC_WARN_INHIBIT_ALL_WARNINGS = NO;
				GCC_WARN_INITIALIZER_NOT_FULLY_BRACKETED = YES;
				GCC_WARN_NON_VIRTUAL_DESTRUCTOR = NO;
				GCC_WARN_PEDANTIC = YES;
				GCC_WARN_SHADOW = YES;
				GCC_WARN_SIGN_COMPARE = NO;
				GCC_WARN_UNINITIALIZED_AUTOS = YES;
				GCC_WARN_UNKNOWN_PRAGMAS = YES;
				GCC_WARN_UNUSED_LABEL = YES;
				GCC_WARN_UNUSED_PARAMETER = YES;
				GENERATE_PROFILING_CODE = YES;
				KEEP_PRIVATE_EXTERNS = NO;
				LD_NO_PIE = YES;
				LIBRARY_SEARCH_PATHS = (
					"$(PROJECT_DIR)/src/libpng",
					"$(PROJECT_DIR)/src/zlib",
					"$(PROJECT_DIR)",
					/usr/local/lib,
					"$(PROJECT_DIR)/src/id3lib-3.8.3/src/.libs",
				);
				LLVM_LTO = NO;
				MACOSX_DEPLOYMENT_TARGET = 10.10;
				OTHER_CFLAGS = (
					"-DNDEBUG",
					"-fno-inline",
				);
				OTHER_CPLUSPLUSFLAGS = (
					"$(OTHER_CFLAGS)",
					"-DBOOST_SUPPORTED",
					"-I",
					/usr/local/include,
				);
				OTHER_LDFLAGS = (
					"$(PROJECT_DIR)/src/mozjpeg/.libs/libjpeg.a",
					/usr/local/lib/libboost_system.a,
					/usr/local/lib/libboost_filesystem.a,
				);
				PRODUCT_NAME = ECT;
				SDKROOT = macosx10.10;
				STRIP_INSTALLED_PRODUCT = NO;
				STRIP_STYLE = all;
				SUPPORTED_PLATFORMS = macosx;
				VALID_ARCHS = x86_64;
			};
			name = Release;
		};
/* End XCBuildConfiguration section */

/* Begin XCConfigurationList section */
		3807697B1A4447CE004BABF3 /* Build configuration list for PBXProject "Efficient Compression Tool" */ = {
			isa = XCConfigurationList;
			buildConfigurations = (
				380769851A4447CE004BABF3 /* Debug */,
				380769861A4447CE004BABF3 /* Release */,
			);
			defaultConfigurationIsVisible = 0;
			defaultConfigurationName = Debug;
		};
		380769871A4447CE004BABF3 /* Build configuration list for PBXNativeTarget "ECT" */ = {
			isa = XCConfigurationList;
			buildConfigurations = (
				380769881A4447CE004BABF3 /* Debug */,
				380769891A4447CE004BABF3 /* Release */,
			);
			defaultConfigurationIsVisible = 0;
			defaultConfigurationName = Debug;
		};
/* End XCConfigurationList section */
	};
	rootObject = 380769781A4447CE004BABF3 /* Project object */;
}
